github.com/aws/aws-sdk-go-v2 v1.7.1/go.mod h1:L5LuPC1ZgDr2xQS7AmIec/Jlc7O/Y1u2KxJyNVab250=
github.com/aws/aws-sdk-go-v2 v1.10.0/go.mod h1:U/EyyVvKtzmFeQQcca7eBotKdlpcP2zzU6bXBYcf7CE=
github.com/aws/aws-sdk-go-v2 v1.11.2/go.mod h1:SQfA+m2ltnu1cA0soUkj4dRSsmITiVQUJvBIZjzfPyQ=
github.com/aws/aws-sdk-go-v2 v1.16.1/go.mod h1:ytwTPBG6fXTZLxxeeCCWj2/EMYp/xDUgX+OET6TLNNU=
github.com/aws/aws-sdk-go-v2 v1.17.3 h1:shN7NlnVzvDUgPQ+1rLMSxY8OWRNDRYtiqe0p/PgrhY=
github.com/aws/aws-sdk-go-v2 v1.17.3/go.mod h1:uzbQtefpm44goOPmdKyAlXSNcwlRgF3ePWVW6EtJvvw=
github.com/aws/aws-sdk-go-v2/config v1.18.5 h1:teGdDCAT3gX99FIKNt6HsvLaeOVdCFiCQDlH8UV6Xvg=
github.com/aws/aws-sdk-go-v2/config v1.18.5/go.mod h1:0g4tGVHeUTxekZIkO5Glw2AemETlmnkQvFqkdv3HBAA=
github.com/aws/aws-sdk-go-v2/credentials v1.13.5 h1:vrPwnKCdQlUyxXDZtPpb6Hc3GbTndqaGtEOwm/lF5tI=
github.com/aws/aws-sdk-go-v2/credentials v1.13.5/go.mod h1:sS/NgdbdkQ6XhVkGY/yEmNwxzpRVxLT3Ns+42W37p6g=
github.com/aws/aws-sdk-go-v2/feature/ec2/imds v1.12.21 h1:j9wi1kQ8b+e0FBVHxCqCGo4kxDU175hoDHcWAi0sauU=
github.com/aws/aws-sdk-go-v2/feature/ec2/imds v1.12.21/go.mod h1:ugwW57Z5Z48bpvUyZuaPy4Kv+vEfJWnIrky7RmkBvJg=
github.com/aws/aws-sdk-go-v2/internal/configsources v1.1.2/go.mod h1:SgKKNBIoDC/E1ZCDhhMW3yalWjwuLjMcpLzsM/QQnWo=
github.com/aws/aws-sdk-go-v2/internal/configsources v1.1.8/go.mod h1:LnTQMTqbKsbtt+UI5+wPsB7jedW+2ZgozoPG8k6cMxg=
github.com/aws/aws-sdk-go-v2/internal/configsources v1.1.27 h1:I3cakv2Uy1vNmmhRQmFptYDxOvBnwCdNwyw63N0RaRU=
github.com/aws/aws-sdk-go-v2/internal/configsources v1.1.27/go.mod h1:a1/UpzeyBBerajpnP5nGZa9mGzsBn5cOKxm6NWQsvoI=
github.com/aws/aws-sdk-go-v2/internal/endpoints/v2 v2.0.2/go.mod h1:xT4XX6w5Sa3dhg50JrYyy3e4WPYo/+WjY/BXtqXVunU=
github.com/aws/aws-sdk-go-v2/internal/endpoints/v2 v2.4.2/go.mod h1:1x4ZP3Z8odssdhuLI+/1Tqw6Pt/VAaP4Tr8EUxHvPXE=
github.com/aws/aws-sdk-go-v2/internal/endpoints/v2 v2.4.21 h1:5NbbMrIzmUn/TXFqAle6mgrH5m9cOvMLRGL7pnG8tRE=
github.com/aws/aws-sdk-go-v2/internal/endpoints/v2 v2.4.21/go.mod h1:+Gxn8jYn5k9ebfHEqlhrMirFjSW0v0C9fI+KN5vk2kE=
github.com/aws/aws-sdk-go-v2/internal/ini v1.3.28 h1:KeTxcGdNnQudb46oOl4d90f2I33DF/c6q3RnZAmvQdQ=
github.com/aws/aws-sdk-go-v2/internal/ini v1.3.28/go.mod h1:yRZVr/iT0AqyHeep00SZ4YfBAKojXz08w3XMBscdi0c=
github.com/aws/aws-sdk-go-v2/service/configservice v1.20.0 h1:nV7QT3ae4RW2VracHQLn1/sTadKoCs5HkO8Q3nELOlE=
github.com/aws/aws-sdk-go-v2/service/configservice v1.20.0/go.mod h1:eYxyDjwczj/KDOlmZijSrYMOIMKeC41UtLgsJpTbYuk=
github.com/aws/aws-sdk-go-v2/service/eks v1.15.1 h1:ZXSYFvB8bN8JpMJDPenUktAuvMpsTHMMPW1hC+ckEJE=
github.com/aws/aws-sdk-go-v2/service/eks v1.15.1/go.mod h1:xbz8pEpGLX0sMb5xCCWNSmp2mWNWQMZsOj6fFuCskjw=
github.com/aws/aws-sdk-go-v2/service/elasticache v1.12.0 h1:JGeKQ+alYN292H8TiA+rXHMtOgRSCl+2UeU8AcrRFvo=
github.com/aws/aws-sdk-go-v2/service/elasticache v1.12.0/go.mod h1:7YZ00jtj8kK0oFgKSmV5+qA3Fttw7adi53IffdA8XoI=
github.com/aws/aws-sdk-go-v2/service/elasticsearchservice v1.15.2 h1:tKpSDfTQtD1C0HLbTybTlE5unuJTSRtb777bmTZjxuY=
github.com/aws/aws-sdk-go-v2/service/elasticsearchservice v1.15.2/go.mod h1:XydcgFp/YVZ8IHRzfZMGeIej7uykm7zNhy9MrPyExjk=
github.com/aws/aws-sdk-go-v2/service/health v1.6.0 h1:7fI4nz+Qi4ZdAIwTcHsf7qtkkghNi+3H0V7h/W29Ci0=
github.com/aws/aws-sdk-go-v2/service/health v1.6.0/go.mod h1:KlvAYZlBBq3yGpGQdVENfsR3vIF8lg+5myFnwM7m5AM=
github.com/aws/aws-sdk-go-v2/service/internal/presigned-url v1.9.2/go.mod h1:7hwSi01X5Yj9H0qLQljrn8OSdLwwSym1aQCfGn1tDQQ=
github.com/aws/aws-sdk-go-v2/service/internal/presigned-url v1.9.21 h1:5C6XgTViSb0bunmU57b3CT+MhxULqHH2721FVA+/kDM=
github.com/aws/aws-sdk-go-v2/service/internal/presigned-url v1.9.21/go.mod h1:lRToEJsn+DRA9lW4O9L9+/3hjTkUzlzyzHqn8MTds5k=
github.com/aws/aws-sdk-go-v2/service/rds v1.18.3 h1:kdZYeD3y7ENLa0mDKIXnH2UehnYZS84YazUB5cuO0Ug=
github.com/aws/aws-sdk-go-v2/service/rds v1.18.3/go.mod h1:ogBOKgXv+fm7PdBaeYi6MM2iZYQDLAJzVgSBvVK0ZeI=
github.com/aws/aws-sdk-go-v2/service/sso v1.11.27 h1:Nmvn0DJKg00TBmoBweK253Kdsuy4V5Rs68yL/H15uBQ=
github.com/aws/aws-sdk-go-v2/service/sso v1.11.27/go.mod h1:wo/B7uUm/7zw/dWhBJ4FXuw1sySU5lyIhVg1Bu2yL9A=
github.com/aws/aws-sdk-go-v2/service/ssooidc v1.13.10 h1:tGOUUjINuqI8sD6pn+Ku0/f/4UfRDlK+jJUOaxEbWuQ=
github.com/aws/aws-sdk-go-v2/service/ssooidc v1.13.10/go.mod h1:TZSH7xLO7+phDtViY/KUp9WGCJMQkLJ/VpgkTFd5gh8=
github.com/aws/aws-sdk-go-v2/service/sts v1.17.7 h1:9Mtq1KM6nD8/+HStvWcvYnixJ5N85DX+P+OY3kI3W2k=
github.com/aws/aws-sdk-go-v2/service/sts v1.17.7/go.mod h1:+lGbb3+1ugwKrNTWcf2RT05Xmp543B06zDFTwiTLp7I=
github.com/aws/smithy-go v1.6.0/go.mod h1:SObp3lf9smib00L/v3U2eAKG8FyQ7iLrJnQiAmR5n+E=
github.com/aws/smithy-go v1.8.1/go.mod h1:SObp3lf9smib00L/v3U2eAKG8FyQ7iLrJnQiAmR5n+E=
github.com/aws/smithy-go v1.9.0/go.mod h1:SObp3lf9smib00L/v3U2eAKG8FyQ7iLrJnQiAmR5n+E=
github.com/aws/smithy-go v1.11.2/go.mod h1:3xHYmszWVx2c0kIwQeEVf9uSm4fYZt67FBJnwub1bgM=
github.com/aws/smithy-go v1.13.5 h1:hgz0X/DX0dGqTYpGALqXJoRKRj5oQ7150i5FdTePzO8=
github.com/aws/smithy-go v1.13.5/go.mod h1:Tg+OJXh4MB2R/uN61Ko2f6hTZwB/ZYGOtib8J3gBHzA=
github.com/davecgh/go-spew v1.1.0/go.mod h1:J7Y8YcW2NihsgmVo/mv3lAwl/skON4iLHjSsI+c5H38=
github.com/google/go-cmp v0.5.4/go.mod h1:v8dTdLbMG2kIc/vJvl+f65V22dbkXbowE6jgT/gNBxE=
github.com/google/go-cmp v0.5.6/go.mod h1:v8dTdLbMG2kIc/vJvl+f65V22dbkXbowE6jgT/gNBxE=
github.com/google/go-cmp v0.5.7/go.mod h1:n+brtR0CgQNWTVd5ZUFpTBC8YFBDLK/h/bpaJ8/DtOE=
github.com/google/go-cmp v0.5.8 h1:e6P7q2lk1O+qJJb4BtCQXlK8vWEO8V1ZeuEdJNOqZyg=
github.com/google/go-cmp v0.5.8/go.mod h1:17dUlkBOakJ0+DkrSSNjCkIjxS6bF9zb3elmeNGIjoY=
github.com/gorilla/mux v1.8.0 h1:i40aqfkR1h2SlN9hojwV5ZA91wcXFOvkdNIeFDP5koI=
github.com/gorilla/mux v1.8.0/go.mod h1:DVbg23sWSpFRCP0SfiEN6jmj59UnW/n46BH5rLB71So=
github.com/jmespath/go-jmespath v0.4.0/go.mod h1:T8mJZnbsbmF+m6zOOFylbeCJqk5+pHWvzYPziyZiYoo=
github.com/jmespath/go-jmespath/internal/testify v1.5.1/go.mod h1:L3OGu8Wl2/fWfCI6z80xFu9LTZmf1ZRjMHUOPmWr69U=
github.com/pmezard/go-difflib v1.0.0/go.mod h1:iKH77koFhYxTK1pcRnkKkqfTogsbg7gZNVY4sRDYZ/4=
github.com/stretchr/objx v0.1.0/go.mod h1:HFkY916IF+rwdDfMAkV7OtwuqBVzrE8GR6GFx+wExME=
golang.org/x/xerrors v0.0.0-20191204190536-9bdfabe68543/go.mod h1:I/5z698sn9Ka8TeJc9MKroUUfqBBauWjQqLJ2OPfmY0=
gopkg.in/check.v1 v0.0.0-20161208181325-20d25e280405/go.mod h1:Co6ibVJAznAaIkqp8huTwlJQCZ016jof/cbN4VW5Yz0=
gopkg.in/yaml.v2 v2.2.8/go.mod h1:hI93XBmqTisBFMUTm0b8Fm+jr3Dg1NNxqwp+5A1VGuI=
