github.com/aws/aws-sdk-go-v2 v1.10.0/go.mod h1:U/EyyVvKtzmFeQQcca7eBotKdlpcP2zzU6bXBYcf7CE=
github.com/aws/aws-sdk-go-v2 v1.11.2/go.mod h1:SQfA+m2ltnu1cA0soUkj4dRSsmITiVQUJvBIZjzfPyQ=
github.com/aws/aws-sdk-go-v2 v1.16.1/go.mod h1:ytwTPBG6fXTZLxxeeCCWj2/EMYp/xDUgX+OET6TLNNU=
github.com/aws/aws-sdk-go-v2 v1.17.0 h1:kWm8OZGx0Zvd6PsOfjFtwbw7+uWYp65DK8suo7WVznw=
github.com/aws/aws-sdk-go-v2 v1.17.0/go.mod h1:SwiyXi/1zTUZ6KIAmLK5V5ll8SiURNUYOqTerZPaF9k=
github.com/aws/aws-sdk-go-v2/config v1.11.0 h1:Czlld5zBB61A3/aoegA9/buZulwL9mHHfizh/Oq+Kqs=
github.com/aws/aws-sdk-go-v2/config v1.11.0/go.mod h1:VrQDJGFBM5yZe+IOeenNZ/DWoErdny+k2MHEIpwDsEY=
github.com/aws/aws-sdk-go-v2/credentials v1.6.4 h1:2hvbUoHufns0lDIsaK8FVCMukT1WngtZPavN+W2FkSw=
github.com/aws/aws-sdk-go-v2/credentials v1.6.4/go.mod h1:tTrhvBPHyPde4pdIPSba4Nv7RYr4wP9jxXEDa1bKn/8=
github.com/aws/aws-sdk-go-v2/feature/ec2/imds v1.8.2 h1:KiN5TPOLrEjbGCvdTQR4t0U4T87vVwALZ5Bg3jpMqPY=
github.com/aws/aws-sdk-go-v2/feature/ec2/imds v1.8.2/go.mod h1:dF2F6tXEOgmW5X1ZFO/EPtWrcm7XkW07KNcJUGNtt4s=
github.com/aws/aws-sdk-go-v2/internal/configsources v1.1.2/go.mod h1:SgKKNBIoDC/E1ZCDhhMW3yalWjwuLjMcpLzsM/QQnWo=
github.com/aws/aws-sdk-go-v2/internal/configsources v1.1.8/go.mod h1:LnTQMTqbKsbtt+UI5+wPsB7jedW+2ZgozoPG8k6cMxg=
github.com/aws/aws-sdk-go-v2/internal/configsources v1.1.24 h1:WFIoN2kiF95/4z4HNcJ9F9B0xFV0vrPlUOf3+uNIujM=
github.com/aws/aws-sdk-go-v2/internal/configsources v1.1.24/go.mod h1:ghMzB/j2wRbPx5/4jPYxJdOtCG2ggrtY01j8K7FMBDA=
github.com/aws/aws-sdk-go-v2/internal/endpoints/v2 v2.0.2/go.mod h1:xT4XX6w5Sa3dhg50JrYyy3e4WPYo/+WjY/BXtqXVunU=
github.com/aws/aws-sdk-go-v2/internal/endpoints/v2 v2.4.2/go.mod h1:1x4ZP3Z8odssdhuLI+/1Tqw6Pt/VAaP4Tr8EUxHvPXE=
github.com/aws/aws-sdk-go-v2/internal/endpoints/v2 v2.4.18 h1:c2RKF0UvfdVI6epHtFjDujlbiK+VeY85dP1i4gmYc5w=
github.com/aws/aws-sdk-go-v2/internal/endpoints/v2 v2.4.18/go.mod h1:fkQKYK/jUhCL/wNS1tOPrlYhr9vqutjCz4zZC1wBE1s=
github.com/aws/aws-sdk-go-v2/internal/ini v1.3.2 h1:IQup8Q6lorXeiA/rK72PeToWoWK8h7VAPgHNWdSrtgE=
github.com/aws/aws-sdk-go-v2/internal/ini v1.3.2/go.mod h1:VITe/MdW6EMXPb0o0txu/fsonXbMHUU2OC2Qp7ivU4o=
github.com/aws/aws-sdk-go-v2/service/configservice v1.20.0 h1:nV7QT3ae4RW2VracHQLn1/sTadKoCs5HkO8Q3nELOlE=
github.com/aws/aws-sdk-go-v2/service/configservice v1.20.0/go.mod h1:eYxyDjwczj/KDOlmZijSrYMOIMKeC41UtLgsJpTbYuk=
github.com/aws/aws-sdk-go-v2/service/eks v1.15.1 h1:ZXSYFvB8bN8JpMJDPenUktAuvMpsTHMMPW1hC+ckEJE=
github.com/aws/aws-sdk-go-v2/service/eks v1.15.1/go.mod h1:xbz8pEpGLX0sMb5xCCWNSmp2mWNWQMZsOj6fFuCskjw=
github.com/aws/aws-sdk-go-v2/service/elasticache v1.12.0 h1:JGeKQ+alYN292H8TiA+rXHMtOgRSCl+2UeU8AcrRFvo=
github.com/aws/aws-sdk-go-v2/service/elasticache v1.12.0/go.mod h1:7YZ00jtj8kK0oFgKSmV5+qA3Fttw7adi53IffdA8XoI=
github.com/aws/aws-sdk-go-v2/service/elasticsearchservice v1.15.2 h1:tKpSDfTQtD1C0HLbTybTlE5unuJTSRtb777bmTZjxuY=
github.com/aws/aws-sdk-go-v2/service/elasticsearchservice v1.15.2/go.mod h1:XydcgFp/YVZ8IHRzfZMGeIej7uykm7zNhy9MrPyExjk=
github.com/aws/aws-sdk-go-v2/service/health v1.15.21 h1:Yt86y6wn8IFNYaQH3UnTwk/pym3Bpp5g9uSkRufm9xs=
github.com/aws/aws-sdk-go-v2/service/health v1.15.21/go.mod h1:8FzVoO2VPw4G9+PtSfYTzIvYo0/CbRJ+fDeINdehLsA=
github.com/aws/aws-sdk-go-v2/service/internal/presigned-url v1.5.2/go.mod h1:FgR1tCsn8C6+Hf+N5qkfrE4IXvUL1RgW87sunJ+5J4I=
github.com/aws/aws-sdk-go-v2/service/internal/presigned-url v1.9.2 h1:RrN7V0r8+lUUKZM4OAoCOIZqjPLZPOl6wuwMd2QIryI=
github.com/aws/aws-sdk-go-v2/service/internal/presigned-url v1.9.2/go.mod h1:7hwSi01X5Yj9H0qLQljrn8OSdLwwSym1aQCfGn1tDQQ=
github.com/aws/aws-sdk-go-v2/service/rds v1.18.3 h1:kdZYeD3y7ENLa0mDKIXnH2UehnYZS84YazUB5cuO0Ug=
github.com/aws/aws-sdk-go-v2/service/rds v1.18.3/go.mod h1:ogBOKgXv+fm7PdBaeYi6MM2iZYQDLAJzVgSBvVK0ZeI=
github.com/aws/aws-sdk-go-v2/service/sso v1.6.2 h1:2IDmvSb86KT44lSg1uU4ONpzgWLOuApRl6Tg54mZ6Dk=
github.com/aws/aws-sdk-go-v2/service/sso v1.6.2/go.mod h1:KnIpszaIdwI33tmc/W/GGXyn22c1USYxA/2KyvoeDY0=
github.com/aws/aws-sdk-go-v2/service/sts v1.11.1 h1:QKR7wy5e650q70PFKMfGF9sTo0rZgUevSSJ4wxmyWXk=
github.com/aws/aws-sdk-go-v2/service/sts v1.11.1/go.mod h1:UV2N5HaPfdbDpkgkz4sRzWCvQswZjdO1FfqCWl0t7RA=
github.com/aws/smithy-go v1.8.1/go.mod h1:SObp3lf9smib00L/v3U2eAKG8FyQ7iLrJnQiAmR5n+E=
github.com/aws/smithy-go v1.9.0/go.mod h1:SObp3lf9smib00L/v3U2eAKG8FyQ7iLrJnQiAmR5n+E=
github.com/aws/smithy-go v1.11.2/go.mod h1:3xHYmszWVx2c0kIwQeEVf9uSm4fYZt67FBJnwub1bgM=
github.com/aws/smithy-go v1.13.3 h1:l7LYxGuzK6/K+NzJ2mC+VvLUbae0sL3bXU//04MkmnA=
github.com/aws/smithy-go v1.13.3/go.mod h1:Tg+OJXh4MB2R/uN61Ko2f6hTZwB/ZYGOtib8J3gBHzA=
github.com/davecgh/go-spew v1.1.0/go.mod h1:J7Y8YcW2NihsgmVo/mv3lAwl/skON4iLHjSsI+c5H38=
github.com/google/go-cmp v0.5.4/go.mod h1:v8dTdLbMG2kIc/vJvl+f65V22dbkXbowE6jgT/gNBxE=
github.com/google/go-cmp v0.5.6/go.mod h1:v8dTdLbMG2kIc/vJvl+f65V22dbkXbowE6jgT/gNBxE=
github.com/google/go-cmp v0.5.7/go.mod h1:n+brtR0CgQNWTVd5ZUFpTBC8YFBDLK/h/bpaJ8/DtOE=
github.com/google/go-cmp v0.5.8 h1:e6P7q2lk1O+qJJb4BtCQXlK8vWEO8V1ZeuEdJNOqZyg=
github.com/google/go-cmp v0.5.8/go.mod h1:17dUlkBOakJ0+DkrSSNjCkIjxS6bF9zb3elmeNGIjoY=
github.com/gorilla/mux v1.8.0 h1:i40aqfkR1h2SlN9hojwV5ZA91wcXFOvkdNIeFDP5koI=
github.com/gorilla/mux v1.8.0/go.mod h1:DVbg23sWSpFRCP0SfiEN6jmj59UnW/n46BH5rLB71So=
github.com/jmespath/go-jmespath v0.4.0/go.mod h1:T8mJZnbsbmF+m6zOOFylbeCJqk5+pHWvzYPziyZiYoo=
github.com/jmespath/go-jmespath/internal/testify v1.5.1/go.mod h1:L3OGu8Wl2/fWfCI6z80xFu9LTZmf1ZRjMHUOPmWr69U=
github.com/pmezard/go-difflib v1.0.0/go.mod h1:iKH77koFhYxTK1pcRnkKkqfTogsbg7gZNVY4sRDYZ/4=
github.com/stretchr/objx v0.1.0/go.mod h1:HFkY916IF+rwdDfMAkV7OtwuqBVzrE8GR6GFx+wExME=
golang.org/x/xerrors v0.0.0-20191204190536-9bdfabe68543/go.mod h1:I/5z698sn9Ka8TeJc9MKroUUfqBBauWjQqLJ2OPfmY0=
gopkg.in/check.v1 v0.0.0-20161208181325-20d25e280405/go.mod h1:Co6ibVJAznAaIkqp8huTwlJQCZ016jof/cbN4VW5Yz0=
gopkg.in/yaml.v2 v2.2.8/go.mod h1:hI93XBmqTisBFMUTm0b8Fm+jr3Dg1NNxqwp+5A1VGuI=
